dependencies:
- name: nfs-server-provisioner
  repository: https://kvaps.github.io/charts
  version: 1.8.0
- name: ingress-nginx
  repository: https://kubernetes.github.io/ingress-nginx
  version: 4.12.2
- name: pgadmin4
  repository: https://helm.runix.net
  version: 1.50.0
- name: postgres
  repository: https://self-hosters-by-night.github.io/helm-charts
  version: 0.12.0
- name: keycloak
  repository: oci://registry-1.docker.io/bitnamicharts
  version: 24.6.4
- name: alloy
  repository: https://helm.cmusei.dev/charts
  version: 1.6.9
- name: blueprint
  repository: https://helm.cmusei.dev/charts
  version: 1.6.6
- name: caster
  repository: https://helm.cmusei.dev/charts
  version: 1.6.7
- name: cite
  repository: https://helm.cmusei.dev/charts
  version: 1.6.10
- name: gallery
  repository: https://helm.cmusei.dev/charts
  version: 1.6.8
- name: gameboard
  repository: https://helm.cmusei.dev/charts
  version: 0.5.12
- name: player
  repository: https://helm.cmusei.dev/charts
  version: 1.8.0
- name: steamfitter
  repository: https://helm.cmusei.dev/charts
  version: 1.6.8
- name: topomojo
  repository: https://helm.cmusei.dev/charts
  version: 0.5.14
- name: prometheus
  repository: https://prometheus-community.github.io/helm-charts
  version: 27.50.0
- name: grafana
  repository: https://grafana.github.io/helm-charts
  version: 10.3.0
- name: loki
  repository: https://grafana.github.io/helm-charts
  version: 6.48.0
- name: tempo
  repository: https://grafana.github.io/helm-charts
  version: 1.10.0
digest: sha256:53b8cea878000d325875cd7044e91acb6b1c9d85199e3abeca16825d60a4a1a3
generated: "2025-12-16T20:57:39.178580413Z"
